{
  "originHash" : "df4dbf75202d6e70979c48109a5c923bebd6c6099d582b9030bb33dffd1b3463",
  "pins" : [
    {
      "identity" : "smartspectra",
      "kind" : "remoteSourceControl",
      "location" : "https://github.com/Presage-Security/SmartSpectra",
      "state" : {
        "branch" : "main",
        "revision" : "d00c023501615bed12d5c816cb492fcefc62359a"
      }
    },
    {
      "identity" : "swift-protobuf",
      "kind" : "remoteSourceControl",
      "location" : "https://github.com/apple/swift-protobuf.git",
      "state" : {
        "revision" : "9bbb079b69af9d66470ced85461bf13bb40becac",
        "version" : "1.35.0"
      }
    }
  ],
  "version" : 3
}
